
Microsoft Visual Studio Solution File, Format Version 12.00
# Visual Studio Version 18
VisualStudioVersion = 18.2.11415.280 d18.0
MinimumVisualStudioVersion = 10.0.40219.1
Project("{9A19103F-16F7-4668-BE54-9A1E7A4F7556}") = "Apps.Hubspot.Crm", "Apps.Hubspot\Apps.Hubspot.Crm.csproj", "{483D78DA-0409-4D48-BE76-6933F2AC8793}"
EndProject
Project("{FAE04EC0-301F-11D3-BF4B-00C04F79EFBC}") = "Tests.Hubspot", "Tests.Hubspot\Tests.Hubspot.csproj", "{FCB457E0-0FBD-4B1F-9BFB-2C4B9B55F5B7}"
EndProject
Project("{2150E333-8FDC-42A3-9474-1A3956D46DE8}") = "Solution Items", "Solution Items", "{62EB3EAE-CEC1-41FE-B665-749219DB347C}"
	ProjectSection(SolutionItems) = preProject
		.gitignore = .gitignore
		README.md = README.md
	EndProjectSection
EndProject
Global
	GlobalSection(SolutionConfigurationPlatforms) = preSolution
		Debug|Any CPU = Debug|Any CPU
		Release|Any CPU = Release|Any CPU
	EndGlobalSection
	GlobalSection(ProjectConfigurationPlatforms) = postSolution
		{483D78DA-0409-4D48-BE76-6933F2AC8793}.Debug|Any CPU.ActiveCfg = Debug|Any CPU
		{483D78DA-0409-4D48-BE76-6933F2AC8793}.Debug|Any CPU.Build.0 = Debug|Any CPU
		{483D78DA-0409-4D48-BE76-6933F2AC8793}.Release|Any CPU.ActiveCfg = Release|Any CPU
		{483D78DA-0409-4D48-BE76-6933F2AC8793}.Release|Any CPU.Build.0 = Release|Any CPU
		{FCB457E0-0FBD-4B1F-9BFB-2C4B9B55F5B7}.Debug|Any CPU.ActiveCfg = Debug|Any CPU
		{FCB457E0-0FBD-4B1F-9BFB-2C4B9B55F5B7}.Debug|Any CPU.Build.0 = Debug|Any CPU
		{FCB457E0-0FBD-4B1F-9BFB-2C4B9B55F5B7}.Release|Any CPU.ActiveCfg = Release|Any CPU
		{FCB457E0-0FBD-4B1F-9BFB-2C4B9B55F5B7}.Release|Any CPU.Build.0 = Release|Any CPU
	EndGlobalSection
	GlobalSection(SolutionProperties) = preSolution
		HideSolutionNode = FALSE
	EndGlobalSection
	GlobalSection(ExtensibilityGlobals) = postSolution
		SolutionGuid = {0CFC9A82-FC8F-47AD-A2E6-0EB2F4EF5752}
	EndGlobalSection
EndGlobal
